
Microsoft Visual Studio Solution File, Format Version 12.00
# Visual Studio Version 17
VisualStudioVersion = 17.5.002.0
MinimumVisualStudioVersion = 10.0.40219.1
Project("{9A19103F-16F7-4668-BE54-9A1E7A4F7556}") = "FiveToSeven---Endpoints", "FiveToSeven---Endpoints.csproj", "{6AA98B9B-B894-4F6D-95F3-BF26E637038F}"
EndProject
Global
	GlobalSection(SolutionConfigurationPlatforms) = preSolution
		Debug|Any CPU = Debug|Any CPU
		Release|Any CPU = Release|Any CPU
	EndGlobalSection
	GlobalSection(ProjectConfigurationPlatforms) = postSolution
		{6AA98B9B-B894-4F6D-95F3-BF26E637038F}.Debug|Any CPU.ActiveCfg = Debug|Any CPU
		{6AA98B9B-B894-4F6D-95F3-BF26E637038F}.Debug|Any CPU.Build.0 = Debug|Any CPU
		{6AA98B9B-B894-4F6D-95F3-BF26E637038F}.Release|Any CPU.ActiveCfg = Release|Any CPU
		{6AA98B9B-B894-4F6D-95F3-BF26E637038F}.Release|Any CPU.Build.0 = Release|Any CPU
	EndGlobalSection
	GlobalSection(SolutionProperties) = preSolution
		HideSolutionNode = FALSE
	EndGlobalSection
	GlobalSection(ExtensibilityGlobals) = postSolution
		SolutionGuid = {69B64013-8274-479A-916E-EF420C9B13F2}
	EndGlobalSection
EndGlobal
